
Microsoft Visual Studio Solution File, Format Version 12.00
# Visual Studio 15
VisualStudioVersion = 15.0.27004.2005
MinimumVisualStudioVersion = 10.0.40219.1
Project("{FAE04EC0-301F-11D3-BF4B-00C04F79EFBC}") = "Discographer", "Discographer\Discographer.csproj", "{C6D0E6E8-2385-4B66-B214-B32454794068}"
EndProject
Project("{FAE04EC0-301F-11D3-BF4B-00C04F79EFBC}") = "Discographer.Core", "Discographer.Core\Discographer.Core.csproj", "{18801C06-C859-4593-B62F-B22D30ABB09C}"
EndProject
Project("{FAE04EC0-301F-11D3-BF4B-00C04F79EFBC}") = "Discographer.Domain", "Discographer.Domain\Discographer.Domain.csproj", "{9E093D21-2870-4A14-A282-1A6482011980}"
EndProject
Global
	GlobalSection(SolutionConfigurationPlatforms) = preSolution
		Debug|Any CPU = Debug|Any CPU
		Release|Any CPU = Release|Any CPU
	EndGlobalSection
	GlobalSection(ProjectConfigurationPlatforms) = postSolution
		{C6D0E6E8-2385-4B66-B214-B32454794068}.Debug|Any CPU.ActiveCfg = Debug|Any CPU
		{C6D0E6E8-2385-4B66-B214-B32454794068}.Debug|Any CPU.Build.0 = Debug|Any CPU
		{C6D0E6E8-2385-4B66-B214-B32454794068}.Release|Any CPU.ActiveCfg = Release|Any CPU
		{C6D0E6E8-2385-4B66-B214-B32454794068}.Release|Any CPU.Build.0 = Release|Any CPU
		{18801C06-C859-4593-B62F-B22D30ABB09C}.Debug|Any CPU.ActiveCfg = Debug|Any CPU
		{18801C06-C859-4593-B62F-B22D30ABB09C}.Debug|Any CPU.Build.0 = Debug|Any CPU
		{18801C06-C859-4593-B62F-B22D30ABB09C}.Release|Any CPU.ActiveCfg = Release|Any CPU
		{18801C06-C859-4593-B62F-B22D30ABB09C}.Release|Any CPU.Build.0 = Release|Any CPU
		{9E093D21-2870-4A14-A282-1A6482011980}.Debug|Any CPU.ActiveCfg = Debug|Any CPU
		{9E093D21-2870-4A14-A282-1A6482011980}.Debug|Any CPU.Build.0 = Debug|Any CPU
		{9E093D21-2870-4A14-A282-1A6482011980}.Release|Any CPU.ActiveCfg = Release|Any CPU
		{9E093D21-2870-4A14-A282-1A6482011980}.Release|Any CPU.Build.0 = Release|Any CPU
	EndGlobalSection
	GlobalSection(SolutionProperties) = preSolution
		HideSolutionNode = FALSE
	EndGlobalSection
	GlobalSection(ExtensibilityGlobals) = postSolution
		SolutionGuid = {FA037B88-4F3A-4F8E-9D81-6418D7090704}
	EndGlobalSection
EndGlobal
